# This file is automatically @generated by Poetry 1.5.1 and should not be changed by hand.

[[package]]
name = "ezmsg"
version = "3.3.3"
description = "A simple DAG-based computation model"
optional = false
python-versions = ">=3.8"
files = [
    {file = "ezmsg-3.3.3-py3-none-any.whl", hash = "sha256:62920470d8a692fcd986e980a80e27d0ec3c0a36677d2068ee75b8cf301a0cde"},
    {file = "ezmsg-3.3.3.tar.gz", hash = "sha256:411dd4e027e37bb322bfbcef75264d47134ea64efa2b428522c257d959ca439f"},
]

[package.dependencies]
typing-extensions = "*"

[package.extras]
all-ext = ["ezmsg-sigproc", "ezmsg-websocket", "ezmsg-zmq"]
test = ["numpy", "pytest", "pytest-asyncio", "pytest-cov"]

[[package]]
name = "freetype-py"
version = "2.4.0"
description = "Freetype python bindings"
optional = false
python-versions = ">=3.7"
files = [
    {file = "freetype-py-2.4.0.zip", hash = "sha256:8ad81195d2f8f339aba61700cebfbd77defad149c51f59b75a2a5e37833ae12e"},
    {file = "freetype_py-2.4.0-py3-none-macosx_10_9_universal2.whl", hash = "sha256:3e0f5a91bc812f42d98a92137e86bac4ed037a29e43dafdb76d716d5732189e8"},
    {file = "freetype_py-2.4.0-py3-none-manylinux_2_17_aarch64.manylinux2014_aarch64.whl", hash = "sha256:c9a3abc277f5f6d21575c0093c0c6139c161bf05b91aa6258505ab27c5001c5e"},
    {file = "freetype_py-2.4.0-py3-none-manylinux_2_5_x86_64.manylinux1_x86_64.manylinux_2_12_x86_64.manylinux2010_x86_64.whl", hash = "sha256:ce931f581d5038c4fea1f3d314254e0264e92441a5fdaef6817fe77b7bb888d3"},
    {file = "freetype_py-2.4.0-py3-none-musllinux_1_1_aarch64.whl", hash = "sha256:c6276d92ac401c8ce02ea391fc854de413b01a8d835fb394ee5eb6f04fc947f5"},
    {file = "freetype_py-2.4.0-py3-none-musllinux_1_1_x86_64.whl", hash = "sha256:9614f68876e9c62e821dfa811dd6160e00279d9d98cf60118cb264be48da1472"},
    {file = "freetype_py-2.4.0-py3-none-win_amd64.whl", hash = "sha256:a2620788d4f0c00bd75fee2dfca61635ab0da856131598c96e2355d5257f70e5"},
]

[[package]]
name = "hsluv"
version = "5.0.4"
description = "Human-friendly HSL"
optional = false
python-versions = ">=3.7"
files = [
    {file = "hsluv-5.0.4-py2.py3-none-any.whl", hash = "sha256:0138bd10038e2ee1b13eecae9a7d49d4ec8c320b1d7eb4f860832c792e3e4567"},
    {file = "hsluv-5.0.4.tar.gz", hash = "sha256:2281f946427a882010042844a38c7bbe9e0d0aaf9d46babe46366ed6f169b72e"},
]

[[package]]
name = "kiwisolver"
version = "1.4.5"
description = "A fast implementation of the Cassowary constraint solver"
optional = false
python-versions = ">=3.7"
files = [
    {file = "kiwisolver-1.4.5-cp310-cp310-macosx_10_9_universal2.whl", hash = "sha256:05703cf211d585109fcd72207a31bb170a0f22144d68298dc5e61b3c946518af"},
    {file = "kiwisolver-1.4.5-cp310-cp310-macosx_10_9_x86_64.whl", hash = "sha256:146d14bebb7f1dc4d5fbf74f8a6cb15ac42baadee8912eb84ac0b3b2a3dc6ac3"},
    {file = "kiwisolver-1.4.5-cp310-cp310-macosx_11_0_arm64.whl", hash = "sha256:6ef7afcd2d281494c0a9101d5c571970708ad911d028137cd558f02b851c08b4"},
    {file = "kiwisolver-1.4.5-cp310-cp310-manylinux_2_12_i686.manylinux2010_i686.whl", hash = "sha256:9eaa8b117dc8337728e834b9c6e2611f10c79e38f65157c4c38e9400286f5cb1"},
    {file = "kiwisolver-1.4.5-cp310-cp310-manylinux_2_12_x86_64.manylinux2010_x86_64.whl", hash = "sha256:ec20916e7b4cbfb1f12380e46486ec4bcbaa91a9c448b97023fde0d5bbf9e4ff"},
    {file = "kiwisolver-1.4.5-cp310-cp310-manylinux_2_17_aarch64.manylinux2014_aarch64.whl", hash = "sha256:39b42c68602539407884cf70d6a480a469b93b81b7701378ba5e2328660c847a"},
    {file = "kiwisolver-1.4.5-cp310-cp310-manylinux_2_17_ppc64le.manylinux2014_ppc64le.whl", hash = "sha256:aa12042de0171fad672b6c59df69106d20d5596e4f87b5e8f76df757a7c399aa"},
    {file = "kiwisolver-1.4.5-cp310-cp310-manylinux_2_17_s390x.manylinux2014_s390x.whl", hash = "sha256:2a40773c71d7ccdd3798f6489aaac9eee213d566850a9533f8d26332d626b82c"},
    {file = "kiwisolver-1.4.5-cp310-cp310-musllinux_1_1_aarch64.whl", hash = "sha256:19df6e621f6d8b4b9c4d45f40a66839294ff2bb235e64d2178f7522d9170ac5b"},
    {file = "kiwisolver-1.4.5-cp310-cp310-musllinux_1_1_i686.whl", hash = "sha256:83d78376d0d4fd884e2c114d0621624b73d2aba4e2788182d286309ebdeed770"},
    {file = "kiwisolver-1.4.5-cp310-cp310-musllinux_1_1_ppc64le.whl", hash = "sha256:e391b1f0a8a5a10ab3b9bb6afcfd74f2175f24f8975fb87ecae700d1503cdee0"},
    {file = "kiwisolver-1.4.5-cp310-cp310-musllinux_1_1_s390x.whl", hash = "sha256:852542f9481f4a62dbb5dd99e8ab7aedfeb8fb6342349a181d4036877410f525"},
    {file = "kiwisolver-1.4.5-cp310-cp310-musllinux_1_1_x86_64.whl", hash = "sha256:59edc41b24031bc25108e210c0def6f6c2191210492a972d585a06ff246bb79b"},
    {file = "kiwisolver-1.4.5-cp310-cp310-win32.whl", hash = "sha256:a6aa6315319a052b4ee378aa171959c898a6183f15c1e541821c5c59beaa0238"},
    {file = "kiwisolver-1.4.5-cp310-cp310-win_amd64.whl", hash = "sha256:d0ef46024e6a3d79c01ff13801cb19d0cad7fd859b15037aec74315540acc276"},
    {file = "kiwisolver-1.4.5-cp311-cp311-macosx_10_9_universal2.whl", hash = "sha256:11863aa14a51fd6ec28688d76f1735f8f69ab1fabf388851a595d0721af042f5"},
    {file = "kiwisolver-1.4.5-cp311-cp311-macosx_10_9_x86_64.whl", hash = "sha256:8ab3919a9997ab7ef2fbbed0cc99bb28d3c13e6d4b1ad36e97e482558a91be90"},
    {file = "kiwisolver-1.4.5-cp311-cp311-macosx_11_0_arm64.whl", hash = "sha256:fcc700eadbbccbf6bc1bcb9dbe0786b4b1cb91ca0dcda336eef5c2beed37b797"},
    {file = "kiwisolver-1.4.5-cp311-cp311-manylinux_2_12_i686.manylinux2010_i686.manylinux_2_17_i686.manylinux2014_i686.whl", hash = "sha256:dfdd7c0b105af050eb3d64997809dc21da247cf44e63dc73ff0fd20b96be55a9"},
    {file = "kiwisolver-1.4.5-cp311-cp311-manylinux_2_17_aarch64.manylinux2014_aarch64.whl", hash = "sha256:76c6a5964640638cdeaa0c359382e5703e9293030fe730018ca06bc2010c4437"},
    {file = "kiwisolver-1.4.5-cp311-cp311-manylinux_2_17_ppc64le.manylinux2014_ppc64le.whl", hash = "sha256:bbea0db94288e29afcc4c28afbf3a7ccaf2d7e027489c449cf7e8f83c6346eb9"},
    {file = "kiwisolver-1.4.5-cp311-cp311-manylinux_2_17_s390x.manylinux2014_s390x.whl", hash = "sha256:ceec1a6bc6cab1d6ff5d06592a91a692f90ec7505d6463a88a52cc0eb58545da"},
    {file = "kiwisolver-1.4.5-cp311-cp311-manylinux_2_17_x86_64.manylinux2014_x86_64.whl", hash = "sha256:040c1aebeda72197ef477a906782b5ab0d387642e93bda547336b8957c61022e"},
    {file = "kiwisolver-1.4.5-cp311-cp311-musllinux_1_1_aarch64.whl", hash = "sha256:f91de7223d4c7b793867797bacd1ee53bfe7359bd70d27b7b58a04efbb9436c8"},
    {file = "kiwisolver-1.4.5-cp311-cp311-musllinux_1_1_i686.whl", hash = "sha256:faae4860798c31530dd184046a900e652c95513796ef51a12bc086710c2eec4d"},
    {file = "kiwisolver-1.4.5-cp311-cp311-musllinux_1_1_ppc64le.whl", hash = "sha256:b0157420efcb803e71d1b28e2c287518b8808b7cf1ab8af36718fd0a2c453eb0"},
    {file = "kiwisolver-1.4.5-cp311-cp311-musllinux_1_1_s390x.whl", hash = "sha256:06f54715b7737c2fecdbf140d1afb11a33d59508a47bf11bb38ecf21dc9ab79f"},
    {file = "kiwisolver-1.4.5-cp311-cp311-musllinux_1_1_x86_64.whl", hash = "sha256:fdb7adb641a0d13bdcd4ef48e062363d8a9ad4a182ac7647ec88f695e719ae9f"},
    {file = "kiwisolver-1.4.5-cp311-cp311-win32.whl", hash = "sha256:bb86433b1cfe686da83ce32a9d3a8dd308e85c76b60896d58f082136f10bffac"},
    {file = "kiwisolver-1.4.5-cp311-cp311-win_amd64.whl", hash = "sha256:6c08e1312a9cf1074d17b17728d3dfce2a5125b2d791527f33ffbe805200a355"},
    {file = "kiwisolver-1.4.5-cp312-cp312-macosx_10_9_universal2.whl", hash = "sha256:32d5cf40c4f7c7b3ca500f8985eb3fb3a7dfc023215e876f207956b5ea26632a"},
    {file = "kiwisolver-1.4.5-cp312-cp312-macosx_10_9_x86_64.whl", hash = "sha256:f846c260f483d1fd217fe5ed7c173fb109efa6b1fc8381c8b7552c5781756192"},
    {file = "kiwisolver-1.4.5-cp312-cp312-macosx_11_0_arm64.whl", hash = "sha256:5ff5cf3571589b6d13bfbfd6bcd7a3f659e42f96b5fd1c4830c4cf21d4f5ef45"},
    {file = "kiwisolver-1.4.5-cp312-cp312-manylinux_2_12_i686.manylinux2010_i686.manylinux_2_17_i686.manylinux2014_i686.whl", hash = "sha256:7269d9e5f1084a653d575c7ec012ff57f0c042258bf5db0954bf551c158466e7"},
    {file = "kiwisolver-1.4.5-cp312-cp312-manylinux_2_17_aarch64.manylinux2014_aarch64.whl", hash = "sha256:da802a19d6e15dffe4b0c24b38b3af68e6c1a68e6e1d8f30148c83864f3881db"},
    {file = "kiwisolver-1.4.5-cp312-cp312-manylinux_2_17_ppc64le.manylinux2014_ppc64le.whl", hash = "sha256:3aba7311af82e335dd1e36ffff68aaca609ca6290c2cb6d821a39aa075d8e3ff"},
    {file = "kiwisolver-1.4.5-cp312-cp312-manylinux_2_17_s390x.manylinux2014_s390x.whl", hash = "sha256:763773d53f07244148ccac5b084da5adb90bfaee39c197554f01b286cf869228"},
    {file = "kiwisolver-1.4.5-cp312-cp312-manylinux_2_17_x86_64.manylinux2014_x86_64.whl", hash = "sha256:2270953c0d8cdab5d422bee7d2007f043473f9d2999631c86a223c9db56cbd16"},
    {file = "kiwisolver-1.4.5-cp312-cp312-musllinux_1_1_aarch64.whl", hash = "sha256:d099e745a512f7e3bbe7249ca835f4d357c586d78d79ae8f1dcd4d8adeb9bda9"},
    {file = "kiwisolver-1.4.5-cp312-cp312-musllinux_1_1_i686.whl", hash = "sha256:74db36e14a7d1ce0986fa104f7d5637aea5c82ca6326ed0ec5694280942d1162"},
    {file = "kiwisolver-1.4.5-cp312-cp312-musllinux_1_1_ppc64le.whl", hash = "sha256:7e5bab140c309cb3a6ce373a9e71eb7e4873c70c2dda01df6820474f9889d6d4"},
    {file = "kiwisolver-1.4.5-cp312-cp312-musllinux_1_1_s390x.whl", hash = "sha256:0f114aa76dc1b8f636d077979c0ac22e7cd8f3493abbab152f20eb8d3cda71f3"},
    {file = "kiwisolver-1.4.5-cp312-cp312-musllinux_1_1_x86_64.whl", hash = "sha256:88a2df29d4724b9237fc0c6eaf2a1adae0cdc0b3e9f4d8e7dc54b16812d2d81a"},
    {file = "kiwisolver-1.4.5-cp312-cp312-win32.whl", hash = "sha256:72d40b33e834371fd330fb1472ca19d9b8327acb79a5821d4008391db8e29f20"},
    {file = "kiwisolver-1.4.5-cp312-cp312-win_amd64.whl", hash = "sha256:2c5674c4e74d939b9d91dda0fae10597ac7521768fec9e399c70a1f27e2ea2d9"},
    {file = "kiwisolver-1.4.5-cp37-cp37m-macosx_10_9_x86_64.whl", hash = "sha256:3a2b053a0ab7a3960c98725cfb0bf5b48ba82f64ec95fe06f1d06c99b552e130"},
    {file = "kiwisolver-1.4.5-cp37-cp37m-manylinux_2_17_aarch64.manylinux2014_aarch64.whl", hash = "sha256:3cd32d6c13807e5c66a7cbb79f90b553642f296ae4518a60d8d76243b0ad2898"},
    {file = "kiwisolver-1.4.5-cp37-cp37m-manylinux_2_17_ppc64le.manylinux2014_ppc64le.whl", hash = "sha256:59ec7b7c7e1a61061850d53aaf8e93db63dce0c936db1fda2658b70e4a1be709"},
    {file = "kiwisolver-1.4.5-cp37-cp37m-manylinux_2_17_s390x.manylinux2014_s390x.whl", hash = "sha256:da4cfb373035def307905d05041c1d06d8936452fe89d464743ae7fb8371078b"},
    {file = "kiwisolver-1.4.5-cp37-cp37m-manylinux_2_5_i686.manylinux1_i686.whl", hash = "sha256:2400873bccc260b6ae184b2b8a4fec0e4082d30648eadb7c3d9a13405d861e89"},
    {file = "kiwisolver-1.4.5-cp37-cp37m-manylinux_2_5_x86_64.manylinux1_x86_64.whl", hash = "sha256:1b04139c4236a0f3aff534479b58f6f849a8b351e1314826c2d230849ed48985"},
    {file = "kiwisolver-1.4.5-cp37-cp37m-musllinux_1_1_aarch64.whl", hash = "sha256:4e66e81a5779b65ac21764c295087de82235597a2293d18d943f8e9e32746265"},
    {file = "kiwisolver-1.4.5-cp37-cp37m-musllinux_1_1_i686.whl", hash = "sha256:7931d8f1f67c4be9ba1dd9c451fb0eeca1a25b89e4d3f89e828fe12a519b782a"},
    {file = "kiwisolver-1.4.5-cp37-cp37m-musllinux_1_1_ppc64le.whl", hash = "sha256:b3f7e75f3015df442238cca659f8baa5f42ce2a8582727981cbfa15fee0ee205"},
    {file = "kiwisolver-1.4.5-cp37-cp37m-musllinux_1_1_s390x.whl", hash = "sha256:bbf1d63eef84b2e8c89011b7f2235b1e0bf7dacc11cac9431fc6468e99ac77fb"},
    {file = "kiwisolver-1.4.5-cp37-cp37m-musllinux_1_1_x86_64.whl", hash = "sha256:4c380469bd3f970ef677bf2bcba2b6b0b4d5c75e7a020fb863ef75084efad66f"},
    {file = "kiwisolver-1.4.5-cp37-cp37m-win32.whl", hash = "sha256:9408acf3270c4b6baad483865191e3e582b638b1654a007c62e3efe96f09a9a3"},
    {file = "kiwisolver-1.4.5-cp37-cp37m-win_amd64.whl", hash = "sha256:5b94529f9b2591b7af5f3e0e730a4e0a41ea174af35a4fd067775f9bdfeee01a"},
    {file = "kiwisolver-1.4.5-cp38-cp38-macosx_10_9_universal2.whl", hash = "sha256:11c7de8f692fc99816e8ac50d1d1aef4f75126eefc33ac79aac02c099fd3db71"},
    {file = "kiwisolver-1.4.5-cp38-cp38-macosx_10_9_x86_64.whl", hash = "sha256:53abb58632235cd154176ced1ae8f0d29a6657aa1aa9decf50b899b755bc2b93"},
    {file = "kiwisolver-1.4.5-cp38-cp38-macosx_11_0_arm64.whl", hash = "sha256:88b9f257ca61b838b6f8094a62418421f87ac2a1069f7e896c36a7d86b5d4c29"},
    {file = "kiwisolver-1.4.5-cp38-cp38-manylinux_2_17_aarch64.manylinux2014_aarch64.whl", hash = "sha256:3195782b26fc03aa9c6913d5bad5aeb864bdc372924c093b0f1cebad603dd712"},
    {file = "kiwisolver-1.4.5-cp38-cp38-manylinux_2_17_ppc64le.manylinux2014_ppc64le.whl", hash = "sha256:fc579bf0f502e54926519451b920e875f433aceb4624a3646b3252b5caa9e0b6"},
    {file = "kiwisolver-1.4.5-cp38-cp38-manylinux_2_17_s390x.manylinux2014_s390x.whl", hash = "sha256:5a580c91d686376f0f7c295357595c5a026e6cbc3d77b7c36e290201e7c11ecb"},
    {file = "kiwisolver-1.4.5-cp38-cp38-manylinux_2_5_i686.manylinux1_i686.whl", hash = "sha256:cfe6ab8da05c01ba6fbea630377b5da2cd9bcbc6338510116b01c1bc939a2c18"},
    {file = "kiwisolver-1.4.5-cp38-cp38-manylinux_2_5_x86_64.manylinux1_x86_64.whl", hash = "sha256:d2e5a98f0ec99beb3c10e13b387f8db39106d53993f498b295f0c914328b1333"},
    {file = "kiwisolver-1.4.5-cp38-cp38-musllinux_1_1_aarch64.whl", hash = "sha256:a51a263952b1429e429ff236d2f5a21c5125437861baeed77f5e1cc2d2c7c6da"},
    {file = "kiwisolver-1.4.5-cp38-cp38-musllinux_1_1_i686.whl", hash = "sha256:3edd2fa14e68c9be82c5b16689e8d63d89fe927e56debd6e1dbce7a26a17f81b"},
    {file = "kiwisolver-1.4.5-cp38-cp38-musllinux_1_1_ppc64le.whl", hash = "sha256:74d1b44c6cfc897df648cc9fdaa09bc3e7679926e6f96df05775d4fb3946571c"},
    {file = "kiwisolver-1.4.5-cp38-cp38-musllinux_1_1_s390x.whl", hash = "sha256:76d9289ed3f7501012e05abb8358bbb129149dbd173f1f57a1bf1c22d19ab7cc"},
    {file = "kiwisolver-1.4.5-cp38-cp38-musllinux_1_1_x86_64.whl", hash = "sha256:92dea1ffe3714fa8eb6a314d2b3c773208d865a0e0d35e713ec54eea08a66250"},
    {file = "kiwisolver-1.4.5-cp38-cp38-win32.whl", hash = "sha256:5c90ae8c8d32e472be041e76f9d2f2dbff4d0b0be8bd4041770eddb18cf49a4e"},
    {file = "kiwisolver-1.4.5-cp38-cp38-win_amd64.whl", hash = "sha256:c7940c1dc63eb37a67721b10d703247552416f719c4188c54e04334321351ced"},
    {file = "kiwisolver-1.4.5-cp39-cp39-macosx_10_9_universal2.whl", hash = "sha256:9407b6a5f0d675e8a827ad8742e1d6b49d9c1a1da5d952a67d50ef5f4170b18d"},
    {file = "kiwisolver-1.4.5-cp39-cp39-macosx_10_9_x86_64.whl", hash = "sha256:15568384086b6df3c65353820a4473575dbad192e35010f622c6ce3eebd57af9"},
    {file = "kiwisolver-1.4.5-cp39-cp39-macosx_11_0_arm64.whl", hash = "sha256:0dc9db8e79f0036e8173c466d21ef18e1befc02de8bf8aa8dc0813a6dc8a7046"},
    {file = "kiwisolver-1.4.5-cp39-cp39-manylinux_2_12_i686.manylinux2010_i686.whl", hash = "sha256:cdc8a402aaee9a798b50d8b827d7ecf75edc5fb35ea0f91f213ff927c15f4ff0"},
    {file = "kiwisolver-1.4.5-cp39-cp39-manylinux_2_12_x86_64.manylinux2010_x86_64.whl", hash = "sha256:6c3bd3cde54cafb87d74d8db50b909705c62b17c2099b8f2e25b461882e544ff"},
    {file = "kiwisolver-1.4.5-cp39-cp39-manylinux_2_17_aarch64.manylinux2014_aarch64.whl", hash = "sha256:955e8513d07a283056b1396e9a57ceddbd272d9252c14f154d450d227606eb54"},
    {file = "kiwisolver-1.4.5-cp39-cp39-manylinux_2_17_ppc64le.manylinux2014_ppc64le.whl", hash = "sha256:346f5343b9e3f00b8db8ba359350eb124b98c99efd0b408728ac6ebf38173958"},
    {file = "kiwisolver-1.4.5-cp39-cp39-manylinux_2_17_s390x.manylinux2014_s390x.whl", hash = "sha256:b9098e0049e88c6a24ff64545cdfc50807818ba6c1b739cae221bbbcbc58aad3"},
    {file = "kiwisolver-1.4.5-cp39-cp39-musllinux_1_1_aarch64.whl", hash = "sha256:00bd361b903dc4bbf4eb165f24d1acbee754fce22ded24c3d56eec268658a5cf"},
    {file = "kiwisolver-1.4.5-cp39-cp39-musllinux_1_1_i686.whl", hash = "sha256:7b8b454bac16428b22560d0a1cf0a09875339cab69df61d7805bf48919415901"},
    {file = "kiwisolver-1.4.5-cp39-cp39-musllinux_1_1_ppc64le.whl", hash = "sha256:f1d072c2eb0ad60d4c183f3fb44ac6f73fb7a8f16a2694a91f988275cbf352f9"},
    {file = "kiwisolver-1.4.5-cp39-cp39-musllinux_1_1_s390x.whl", hash = "sha256:31a82d498054cac9f6d0b53d02bb85811185bcb477d4b60144f915f3b3126342"},
    {file = "kiwisolver-1.4.5-cp39-cp39-musllinux_1_1_x86_64.whl", hash = "sha256:6512cb89e334e4700febbffaaa52761b65b4f5a3cf33f960213d5656cea36a77"},
    {file = "kiwisolver-1.4.5-cp39-cp39-win32.whl", hash = "sha256:9db8ea4c388fdb0f780fe91346fd438657ea602d58348753d9fb265ce1bca67f"},
    {file = "kiwisolver-1.4.5-cp39-cp39-win_amd64.whl", hash = "sha256:59415f46a37f7f2efeec758353dd2eae1b07640d8ca0f0c42548ec4125492635"},
    {file = "kiwisolver-1.4.5-pp37-pypy37_pp73-macosx_10_9_x86_64.whl", hash = "sha256:5c7b3b3a728dc6faf3fc372ef24f21d1e3cee2ac3e9596691d746e5a536de920"},
    {file = "kiwisolver-1.4.5-pp37-pypy37_pp73-manylinux_2_12_i686.manylinux2010_i686.whl", hash = "sha256:620ced262a86244e2be10a676b646f29c34537d0d9cc8eb26c08f53d98013390"},
    {file = "kiwisolver-1.4.5-pp37-pypy37_pp73-manylinux_2_12_x86_64.manylinux2010_x86_64.whl", hash = "sha256:378a214a1e3bbf5ac4a8708304318b4f890da88c9e6a07699c4ae7174c09a68d"},
    {file = "kiwisolver-1.4.5-pp37-pypy37_pp73-manylinux_2_17_aarch64.manylinux2014_aarch64.whl", hash = "sha256:aaf7be1207676ac608a50cd08f102f6742dbfc70e8d60c4db1c6897f62f71523"},
    {file = "kiwisolver-1.4.5-pp37-pypy37_pp73-win_amd64.whl", hash = "sha256:ba55dce0a9b8ff59495ddd050a0225d58bd0983d09f87cfe2b6aec4f2c1234e4"},
    {file = "kiwisolver-1.4.5-pp38-pypy38_pp73-macosx_10_9_x86_64.whl", hash = "sha256:fd32ea360bcbb92d28933fc05ed09bffcb1704ba3fc7942e81db0fd4f81a7892"},
    {file = "kiwisolver-1.4.5-pp38-pypy38_pp73-manylinux_2_12_i686.manylinux2010_i686.whl", hash = "sha256:5e7139af55d1688f8b960ee9ad5adafc4ac17c1c473fe07133ac092310d76544"},
    {file = "kiwisolver-1.4.5-pp38-pypy38_pp73-manylinux_2_12_x86_64.manylinux2010_x86_64.whl", hash = "sha256:dced8146011d2bc2e883f9bd68618b8247387f4bbec46d7392b3c3b032640126"},
    {file = "kiwisolver-1.4.5-pp38-pypy38_pp73-manylinux_2_17_aarch64.manylinux2014_aarch64.whl", hash = "sha256:c9bf3325c47b11b2e51bca0824ea217c7cd84491d8ac4eefd1e409705ef092bd"},
    {file = "kiwisolver-1.4.5-pp38-pypy38_pp73-win_amd64.whl", hash = "sha256:5794cf59533bc3f1b1c821f7206a3617999db9fbefc345360aafe2e067514929"},
    {file = "kiwisolver-1.4.5-pp39-pypy39_pp73-macosx_10_9_x86_64.whl", hash = "sha256:e368f200bbc2e4f905b8e71eb38b3c04333bddaa6a2464a6355487b02bb7fb09"},
    {file = "kiwisolver-1.4.5-pp39-pypy39_pp73-manylinux_2_12_i686.manylinux2010_i686.manylinux_2_17_i686.manylinux2014_i686.whl", hash = "sha256:e5d706eba36b4c4d5bc6c6377bb6568098765e990cfc21ee16d13963fab7b3e7"},
    {file = "kiwisolver-1.4.5-pp39-pypy39_pp73-manylinux_2_17_aarch64.manylinux2014_aarch64.whl", hash = "sha256:85267bd1aa8880a9c88a8cb71e18d3d64d2751a790e6ca6c27b8ccc724bcd5ad"},
    {file = "kiwisolver-1.4.5-pp39-pypy39_pp73-manylinux_2_17_x86_64.manylinux2014_x86_64.whl", hash = "sha256:210ef2c3a1f03272649aff1ef992df2e724748918c4bc2d5a90352849eb40bea"},
    {file = "kiwisolver-1.4.5-pp39-pypy39_pp73-win_amd64.whl", hash = "sha256:11d011a7574eb3b82bcc9c1a1d35c1d7075677fdd15de527d91b46bd35e935ee"},
    {file = "kiwisolver-1.4.5.tar.gz", hash = "sha256:e57e563a57fb22a142da34f38acc2fc1a5c864bc29ca1517a88abc963e60d6ec"},
]

[[package]]
name = "numpy"
version = "1.26.2"
description = "Fundamental package for array computing in Python"
optional = false
python-versions = ">=3.9"
files = [
    {file = "numpy-1.26.2-cp310-cp310-macosx_10_9_x86_64.whl", hash = "sha256:3703fc9258a4a122d17043e57b35e5ef1c5a5837c3db8be396c82e04c1cf9b0f"},
    {file = "numpy-1.26.2-cp310-cp310-macosx_11_0_arm64.whl", hash = "sha256:cc392fdcbd21d4be6ae1bb4475a03ce3b025cd49a9be5345d76d7585aea69440"},
    {file = "numpy-1.26.2-cp310-cp310-manylinux_2_17_aarch64.manylinux2014_aarch64.whl", hash = "sha256:36340109af8da8805d8851ef1d74761b3b88e81a9bd80b290bbfed61bd2b4f75"},
    {file = "numpy-1.26.2-cp310-cp310-manylinux_2_17_x86_64.manylinux2014_x86_64.whl", hash = "sha256:bcc008217145b3d77abd3e4d5ef586e3bdfba8fe17940769f8aa09b99e856c00"},
    {file = "numpy-1.26.2-cp310-cp310-musllinux_1_1_aarch64.whl", hash = "sha256:3ced40d4e9e18242f70dd02d739e44698df3dcb010d31f495ff00a31ef6014fe"},
    {file = "numpy-1.26.2-cp310-cp310-musllinux_1_1_x86_64.whl", hash = "sha256:b272d4cecc32c9e19911891446b72e986157e6a1809b7b56518b4f3755267523"},
    {file = "numpy-1.26.2-cp310-cp310-win32.whl", hash = "sha256:22f8fc02fdbc829e7a8c578dd8d2e15a9074b630d4da29cda483337e300e3ee9"},
    {file = "numpy-1.26.2-cp310-cp310-win_amd64.whl", hash = "sha256:26c9d33f8e8b846d5a65dd068c14e04018d05533b348d9eaeef6c1bd787f9919"},
    {file = "numpy-1.26.2-cp311-cp311-macosx_10_9_x86_64.whl", hash = "sha256:b96e7b9c624ef3ae2ae0e04fa9b460f6b9f17ad8b4bec6d7756510f1f6c0c841"},
    {file = "numpy-1.26.2-cp311-cp311-macosx_11_0_arm64.whl", hash = "sha256:aa18428111fb9a591d7a9cc1b48150097ba6a7e8299fb56bdf574df650e7d1f1"},
    {file = "numpy-1.26.2-cp311-cp311-manylinux_2_17_aarch64.manylinux2014_aarch64.whl", hash = "sha256:06fa1ed84aa60ea6ef9f91ba57b5ed963c3729534e6e54055fc151fad0423f0a"},
    {file = "numpy-1.26.2-cp311-cp311-manylinux_2_17_x86_64.manylinux2014_x86_64.whl", hash = "sha256:96ca5482c3dbdd051bcd1fce8034603d6ebfc125a7bd59f55b40d8f5d246832b"},
    {file = "numpy-1.26.2-cp311-cp311-musllinux_1_1_aarch64.whl", hash = "sha256:854ab91a2906ef29dc3925a064fcd365c7b4da743f84b123002f6139bcb3f8a7"},
    {file = "numpy-1.26.2-cp311-cp311-musllinux_1_1_x86_64.whl", hash = "sha256:f43740ab089277d403aa07567be138fc2a89d4d9892d113b76153e0e412409f8"},
    {file = "numpy-1.26.2-cp311-cp311-win32.whl", hash = "sha256:a2bbc29fcb1771cd7b7425f98b05307776a6baf43035d3b80c4b0f29e9545186"},
    {file = "numpy-1.26.2-cp311-cp311-win_amd64.whl", hash = "sha256:2b3fca8a5b00184828d12b073af4d0fc5fdd94b1632c2477526f6bd7842d700d"},
    {file = "numpy-1.26.2-cp312-cp312-macosx_10_9_x86_64.whl", hash = "sha256:a4cd6ed4a339c21f1d1b0fdf13426cb3b284555c27ac2f156dfdaaa7e16bfab0"},
    {file = "numpy-1.26.2-cp312-cp312-macosx_11_0_arm64.whl", hash = "sha256:5d5244aabd6ed7f312268b9247be47343a654ebea52a60f002dc70c769048e75"},
    {file = "numpy-1.26.2-cp312-cp312-manylinux_2_17_aarch64.manylinux2014_aarch64.whl", hash = "sha256:6a3cdb4d9c70e6b8c0814239ead47da00934666f668426fc6e94cce869e13fd7"},
    {file = "numpy-1.26.2-cp312-cp312-manylinux_2_17_x86_64.manylinux2014_x86_64.whl", hash = "sha256:aa317b2325f7aa0a9471663e6093c210cb2ae9c0ad824732b307d2c51983d5b6"},
    {file = "numpy-1.26.2-cp312-cp312-musllinux_1_1_aarch64.whl", hash = "sha256:174a8880739c16c925799c018f3f55b8130c1f7c8e75ab0a6fa9d41cab092fd6"},
    {file = "numpy-1.26.2-cp312-cp312-musllinux_1_1_x86_64.whl", hash = "sha256:f79b231bf5c16b1f39c7f4875e1ded36abee1591e98742b05d8a0fb55d8a3eec"},
    {file = "numpy-1.26.2-cp312-cp312-win32.whl", hash = "sha256:4a06263321dfd3598cacb252f51e521a8cb4b6df471bb12a7ee5cbab20ea9167"},
    {file = "numpy-1.26.2-cp312-cp312-win_amd64.whl", hash = "sha256:b04f5dc6b3efdaab541f7857351aac359e6ae3c126e2edb376929bd3b7f92d7e"},
    {file = "numpy-1.26.2-cp39-cp39-macosx_10_9_x86_64.whl", hash = "sha256:4eb8df4bf8d3d90d091e0146f6c28492b0be84da3e409ebef54349f71ed271ef"},
    {file = "numpy-1.26.2-cp39-cp39-macosx_11_0_arm64.whl", hash = "sha256:1a13860fdcd95de7cf58bd6f8bc5a5ef81c0b0625eb2c9a783948847abbef2c2"},
    {file = "numpy-1.26.2-cp39-cp39-manylinux_2_17_aarch64.manylinux2014_aarch64.whl", hash = "sha256:64308ebc366a8ed63fd0bf426b6a9468060962f1a4339ab1074c228fa6ade8e3"},
    {file = "numpy-1.26.2-cp39-cp39-manylinux_2_17_x86_64.manylinux2014_x86_64.whl", hash = "sha256:baf8aab04a2c0e859da118f0b38617e5ee65d75b83795055fb66c0d5e9e9b818"},
    {file = "numpy-1.26.2-cp39-cp39-musllinux_1_1_aarch64.whl", hash = "sha256:d73a3abcac238250091b11caef9ad12413dab01669511779bc9b29261dd50210"},
    {file = "numpy-1.26.2-cp39-cp39-musllinux_1_1_x86_64.whl", hash = "sha256:b361d369fc7e5e1714cf827b731ca32bff8d411212fccd29ad98ad622449cc36"},
    {file = "numpy-1.26.2-cp39-cp39-win32.whl", hash = "sha256:bd3f0091e845164a20bd5a326860c840fe2af79fa12e0469a12768a3ec578d80"},
    {file = "numpy-1.26.2-cp39-cp39-win_amd64.whl", hash = "sha256:2beef57fb031dcc0dc8fa4fe297a742027b954949cabb52a2a376c144e5e6060"},
    {file = "numpy-1.26.2-pp39-pypy39_pp73-macosx_10_9_x86_64.whl", hash = "sha256:1cc3d5029a30fb5f06704ad6b23b35e11309491c999838c31f124fee32107c79"},
    {file = "numpy-1.26.2-pp39-pypy39_pp73-manylinux_2_17_x86_64.manylinux2014_x86_64.whl", hash = "sha256:94cc3c222bb9fb5a12e334d0479b97bb2df446fbe622b470928f5284ffca3f8d"},
    {file = "numpy-1.26.2-pp39-pypy39_pp73-win_amd64.whl", hash = "sha256:fe6b44fb8fcdf7eda4ef4461b97b3f63c466b27ab151bec2366db8b197387841"},
    {file = "numpy-1.26.2.tar.gz", hash = "sha256:f65738447676ab5777f11e6bbbdb8ce11b785e105f690bc45966574816b6d3ea"},
]

[[package]]
name = "packaging"
version = "23.2"
description = "Core utilities for Python packages"
optional = false
python-versions = ">=3.7"
files = [
    {file = "packaging-23.2-py3-none-any.whl", hash = "sha256:8c491190033a9af7e1d931d0b5dacc2ef47509b34dd0de67ed209b5203fc88c7"},
    {file = "packaging-23.2.tar.gz", hash = "sha256:048fb0e9405036518eaaf48a55953c750c11e1a1b68e0dd1a9d62ed0c092cfc5"},
]

[[package]]
name = "pyqt6"
version = "6.6.0"
description = "Python bindings for the Qt cross platform application toolkit"
optional = false
python-versions = ">=3.6.1"
files = [
    {file = "PyQt6-6.6.0-cp37-abi3-macosx_10_14_universal2.whl", hash = "sha256:33655db05ac2de699320f035250c21434c77144a6a2943aca3f4c579dabc3f7b"},
    {file = "PyQt6-6.6.0-cp37-abi3-manylinux_2_28_x86_64.whl", hash = "sha256:fc7185d65755f26d7a6842492ec5398c92544dc4eafbbcbef1b1922aca585c96"},
    {file = "PyQt6-6.6.0-cp37-abi3-win_amd64.whl", hash = "sha256:3ef68830a9b32050c30f7962c56a5927802c9193b68eaf405faecb8ce9ae10a8"},
    {file = "PyQt6-6.6.0.tar.gz", hash = "sha256:d41512d66044c2df9c5f515a56a922170d68a37b3406ffddc8b4adc57181b576"},
]

[package.dependencies]
PyQt6-Qt6 = ">=6.6.0"
PyQt6-sip = ">=13.6,<14"

[[package]]
name = "pyqt6-qt6"
version = "6.6.0"
description = "The subset of a Qt installation needed by PyQt6."
optional = false
python-versions = "*"
files = [
    {file = "PyQt6_Qt6-6.6.0-py3-none-macosx_10_14_x86_64.whl", hash = "sha256:8cb30d64a4d32465ea1686bc827cbe452225fb387c4873356b0fa7b9ae63534f"},
    {file = "PyQt6_Qt6-6.6.0-py3-none-macosx_11_0_arm64.whl", hash = "sha256:1b079a33088d32ff47872cdb37fd15aa42101f0be46c3340244483849b781438"},
    {file = "PyQt6_Qt6-6.6.0-py3-none-manylinux_2_28_x86_64.whl", hash = "sha256:e5483ae04bf107411c7469f1be9f9e2eb9840303e788b3ac524fe30af90d45f4"},
    {file = "PyQt6_Qt6-6.6.0-py3-none-win_amd64.whl", hash = "sha256:a151f34712cd645111e89cb30b02e5fb69c9dcc3603ab3c03a561e874bd7cbcf"},
]

[[package]]
name = "pyqt6-sip"
version = "13.6.0"
description = "The sip module support for PyQt6"
optional = false
python-versions = ">=3.7"
files = [
    {file = "PyQt6_sip-13.6.0-cp310-cp310-macosx_10_9_universal2.whl", hash = "sha256:d6b5f699aaed0ac1fcd23e8fbca70d8a77965831b7c1ce474b81b1678817a49d"},
    {file = "PyQt6_sip-13.6.0-cp310-cp310-manylinux_2_5_x86_64.manylinux1_x86_64.whl", hash = "sha256:8c282062125eea5baf830c6998587d98c50be7c3a817a057fb95fef647184012"},
    {file = "PyQt6_sip-13.6.0-cp310-cp310-win32.whl", hash = "sha256:fa759b6339ff7e25f9afe2a6b651b775f0a36bcb3f5fa85e81a90d3b033c83f4"},
    {file = "PyQt6_sip-13.6.0-cp310-cp310-win_amd64.whl", hash = "sha256:8f9df9f7ccd8a9f0f1d36948c686f03ce1a1281543a3e636b7b7d5e086e1a436"},
    {file = "PyQt6_sip-13.6.0-cp311-cp311-macosx_10_9_universal2.whl", hash = "sha256:5b9c6b6f9cfccb48cbb78a59603145a698fb4ffd176764d7083e5bf47631d8df"},
    {file = "PyQt6_sip-13.6.0-cp311-cp311-manylinux_2_5_x86_64.manylinux1_x86_64.whl", hash = "sha256:86a7b67c64436e32bffa9c28c9f21bf14a9faa54991520b12c3f6f435f24df7f"},
    {file = "PyQt6_sip-13.6.0-cp311-cp311-win32.whl", hash = "sha256:58f68a48400e0b3d1ccb18090090299bad26e3aed7ccb7057c65887b79b8aeea"},
    {file = "PyQt6_sip-13.6.0-cp311-cp311-win_amd64.whl", hash = "sha256:0dfd22cfedd87e96f9d51e0778ca2ba3dc0be83e424e9e0f98f6994d8d9c90f0"},
    {file = "PyQt6_sip-13.6.0-cp312-cp312-macosx_10_9_universal2.whl", hash = "sha256:3bf03e130fbfd75c9c06e687b86ba375410c7a9e835e4e03285889e61dd4b0c4"},
    {file = "PyQt6_sip-13.6.0-cp312-cp312-manylinux_2_5_x86_64.manylinux1_x86_64.whl", hash = "sha256:43fb8551796030aae3d66d6e35e277494071ec6172cd182c9569ab7db268a2f5"},
    {file = "PyQt6_sip-13.6.0-cp312-cp312-win32.whl", hash = "sha256:13885361ca2cb2f5085d50359ba61b3fabd41b139fb58f37332acbe631ef2357"},
    {file = "PyQt6_sip-13.6.0-cp312-cp312-win_amd64.whl", hash = "sha256:24441032a29791e82beb7dfd76878339058def0e97fdb7c1cea517f3a0e6e96b"},
    {file = "PyQt6_sip-13.6.0-cp38-cp38-macosx_10_9_x86_64.whl", hash = "sha256:3075d8b325382750829e6cde6971c943352309d35768a4d4da0587459606d562"},
    {file = "PyQt6_sip-13.6.0-cp38-cp38-manylinux_2_5_x86_64.manylinux1_x86_64.whl", hash = "sha256:a6ce80bc24618d8a41be8ca51ad9f10e8bc4296dd90ab2809573df30a23ae0e5"},
    {file = "PyQt6_sip-13.6.0-cp38-cp38-win32.whl", hash = "sha256:fa7b10af7488efc5e53b41dd42c0f421bde6c2865a107af7ae259aff9d841da9"},
    {file = "PyQt6_sip-13.6.0-cp38-cp38-win_amd64.whl", hash = "sha256:9adf672f9114687533a74d5c2d4c03a9a929ad5ad9c3e88098a7da1a440ab916"},
    {file = "PyQt6_sip-13.6.0-cp39-cp39-macosx_10_9_universal2.whl", hash = "sha256:98bf954103b087162fa63b3a78f30b0b63da22fd6450b610ec1b851dbb798228"},
    {file = "PyQt6_sip-13.6.0-cp39-cp39-manylinux_2_5_x86_64.manylinux1_x86_64.whl", hash = "sha256:39854dba35f8e5a4288da26ecb5f40b4c5ec1932efffb3f49d5ea435a7f37fb3"},
    {file = "PyQt6_sip-13.6.0-cp39-cp39-win32.whl", hash = "sha256:747f6ca44af81777a2c696bd501bc4815a53ec6fc94d4e25830e10bc1391f8ab"},
    {file = "PyQt6_sip-13.6.0-cp39-cp39-win_amd64.whl", hash = "sha256:33ea771fe777eb0d1a2c3ef35bcc3f7a286eb3ff09cd5b2fdd3d87d1f392d7e8"},
    {file = "PyQt6_sip-13.6.0.tar.gz", hash = "sha256:2486e1588071943d4f6657ba09096dc9fffd2322ad2c30041e78ea3f037b5778"},
]

[[package]]
name = "qdarkstyle"
version = "3.2.1"
description = "The most complete dark/light style sheet for C++/Python and Qt applications"
optional = false
python-versions = "*"
files = [
    {file = "QDarkStyle-3.2.1-py2.py3-none-any.whl", hash = "sha256:44bea76ba8ff60bba1741c618b1f9836158e2fde5fc292ebfc7cdde04f3d4eca"},
    {file = "QDarkStyle-3.2.1.tar.gz", hash = "sha256:f55bd045c0c78e478ea5a2530f3739a2fcea8cbe038e4869ae450ae30feec3f7"},
]

[package.dependencies]
qtpy = ">=2"

[package.extras]
develop = ["qtsass", "watchdog"]
docs = ["sphinx", "sphinx-rtd-theme"]
example = ["pyqt5", "pyside2"]

[[package]]
name = "qtpy"
version = "2.4.1"
description = "Provides an abstraction layer on top of the various Qt bindings (PyQt5/6 and PySide2/6)."
optional = false
python-versions = ">=3.7"
files = [
    {file = "QtPy-2.4.1-py3-none-any.whl", hash = "sha256:1c1d8c4fa2c884ae742b069151b0abe15b3f70491f3972698c683b8e38de839b"},
    {file = "QtPy-2.4.1.tar.gz", hash = "sha256:a5a15ffd519550a1361bdc56ffc07fda56a6af7292f17c7b395d4083af632987"},
]

[package.dependencies]
packaging = "*"

[package.extras]
test = ["pytest (>=6,!=7.0.0,!=7.0.1)", "pytest-cov (>=3.0.0)", "pytest-qt"]

[[package]]
name = "typing-extensions"
version = "4.8.0"
description = "Backported and Experimental Type Hints for Python 3.8+"
optional = false
python-versions = ">=3.8"
files = [
    {file = "typing_extensions-4.8.0-py3-none-any.whl", hash = "sha256:8f92fc8806f9a6b641eaa5318da32b44d401efaac0f6678c9bc448ba3605faa0"},
    {file = "typing_extensions-4.8.0.tar.gz", hash = "sha256:df8e4339e9cb77357558cbdbceca33c303714cf861d1eef15e1070055ae8b7ef"},
]

[[package]]
name = "vispy"
version = "0.14.1"
description = "Interactive visualization in Python"
optional = false
python-versions = ">=3.8"
files = [
    {file = "vispy-0.14.1-cp310-cp310-macosx_10_9_x86_64.whl", hash = "sha256:629274e84fd823ce81abe3024c2675323ccb8aab5a696556a0cce656d96397bb"},
    {file = "vispy-0.14.1-cp310-cp310-macosx_11_0_arm64.whl", hash = "sha256:27c100b647461e171b36090a6c68d852328d6b4e1fcc3a326a7c8119fed9b4b1"},
    {file = "vispy-0.14.1-cp310-cp310-manylinux_2_17_aarch64.manylinux2014_aarch64.whl", hash = "sha256:6f8872ec2d33e2f8579055aa37cd4427e2334ee9e6a2b6a1abc1d82c3f741f1c"},
    {file = "vispy-0.14.1-cp310-cp310-manylinux_2_17_x86_64.manylinux2014_x86_64.whl", hash = "sha256:4b828784549dfb5cbc6df02f3bc96d4d8cef49e752676ba12939f4400e0d6570"},
    {file = "vispy-0.14.1-cp310-cp310-win_amd64.whl", hash = "sha256:a4cc6b9e161051673909178892e4a30bbce1ef09782e03f90f39758d83b8694f"},
    {file = "vispy-0.14.1-cp311-cp311-macosx_10_9_x86_64.whl", hash = "sha256:a0ffcf972ca5d7578db8d065b00a223bfff734c6f04716ac24e8c37ee6508187"},
    {file = "vispy-0.14.1-cp311-cp311-macosx_11_0_arm64.whl", hash = "sha256:e15f6448bd66ea62407e362d205a4b8cf81ecf201c626742cfd06c81d59703c1"},
    {file = "vispy-0.14.1-cp311-cp311-manylinux_2_17_aarch64.manylinux2014_aarch64.whl", hash = "sha256:d6ff102fbb6578aa94eac893dcec95dc9d962d7fca4ec0e3e3b05a63ca8860e0"},
    {file = "vispy-0.14.1-cp311-cp311-manylinux_2_17_x86_64.manylinux2014_x86_64.whl", hash = "sha256:62f6cdf1e318f1d64000d97727cd8f291f846cb7b4469f9302d42ecab451aa03"},
    {file = "vispy-0.14.1-cp311-cp311-win_amd64.whl", hash = "sha256:15b32d62ae648f439977f72173a580ba9ff922adfe156ecccccc77cc508c04c5"},
    {file = "vispy-0.14.1-cp312-cp312-macosx_10_9_x86_64.whl", hash = "sha256:d4850ab3f441e5d242338a1ceb778b76cbb0ccef004f2c44c5831bea3b68ae5a"},
    {file = "vispy-0.14.1-cp312-cp312-macosx_11_0_arm64.whl", hash = "sha256:15a4e155d27bbcffeb00f2ddff2c38d27d6bf6e0f1727361cc94a2726cc01d7f"},
    {file = "vispy-0.14.1-cp312-cp312-manylinux_2_17_aarch64.manylinux2014_aarch64.whl", hash = "sha256:fcb84178ed7a3e24aba49c9a054405eddd87a7f6bdfaac90f57366213f3f5898"},
    {file = "vispy-0.14.1-cp312-cp312-manylinux_2_17_x86_64.manylinux2014_x86_64.whl", hash = "sha256:4537a927365392470ab337eaf7e36511a748c24460fb7ae3c56a86512dca7feb"},
    {file = "vispy-0.14.1-cp312-cp312-win_amd64.whl", hash = "sha256:ac9bd77cc8ca01dd7b72280677f4b6e12623e901dffd71be776110dc34cb2a30"},
    {file = "vispy-0.14.1-cp38-cp38-macosx_10_9_x86_64.whl", hash = "sha256:985718f1f17b07fd9848e31269465c81fb21cc2552e1ce965c50dbf5e466d6d7"},
    {file = "vispy-0.14.1-cp38-cp38-macosx_11_0_arm64.whl", hash = "sha256:1f3fcae30a8b4b03c190e627f7af7f43e3ab9be43370d9697eed09c988d2ca4d"},
    {file = "vispy-0.14.1-cp38-cp38-manylinux_2_17_aarch64.manylinux2014_aarch64.whl", hash = "sha256:aa1234671e2a0232ee7b2a4e0d23c2c38eba7f1f92d6466f54f94ca94a7449ca"},
    {file = "vispy-0.14.1-cp38-cp38-manylinux_2_17_x86_64.manylinux2014_x86_64.whl", hash = "sha256:9700e6b7e610276f41bfe2aaf34a856049ee5b7c43e03347b068f78042659451"},
    {file = "vispy-0.14.1-cp38-cp38-win_amd64.whl", hash = "sha256:a009cdcf2b6aa5bf3a4891988b3f4d92c05f0e68526b1fde727c358403a0aa12"},
    {file = "vispy-0.14.1-cp39-cp39-macosx_10_9_x86_64.whl", hash = "sha256:60e1cd308f0c894faec68ba8c209f1e967f3c67e103c26768c47ea8f0d1b046b"},
    {file = "vispy-0.14.1-cp39-cp39-macosx_11_0_arm64.whl", hash = "sha256:364f6df46008bcea8bba8b7bc98be7c4d6803c32838bdea5d6ee46974ebd2436"},
    {file = "vispy-0.14.1-cp39-cp39-manylinux_2_17_aarch64.manylinux2014_aarch64.whl", hash = "sha256:c430e2be26006a3ea30e775db88c1e6c02885d141f3243b2107c92793e4fc5b0"},
    {file = "vispy-0.14.1-cp39-cp39-manylinux_2_17_x86_64.manylinux2014_x86_64.whl", hash = "sha256:23ccbf235ef9bc654c49774062b9d7478b7c7fb9d21abbc64c9210ccf4821676"},
    {file = "vispy-0.14.1-cp39-cp39-win_amd64.whl", hash = "sha256:4f4f3f48ed18deed51578e5f05f9ecbe7a37f0e563d4b98fa159d5900bb83504"},
    {file = "vispy-0.14.1.tar.gz", hash = "sha256:249a50979fc00a8b65109283354dcf12cf415c1a5dcf9821e113f6e590b9b93c"},
]

[package.dependencies]
freetype-py = "*"
hsluv = "*"
kiwisolver = "*"
numpy = "*"
packaging = "*"

[package.extras]
doc = ["myst-parser", "numpydoc", "pillow", "pydata-sphinx-theme", "pyopengl", "pytest", "sphinx-gallery", "sphinxcontrib-apidoc"]
io = ["Pillow", "meshio"]
ipython-static = ["ipython"]
pyglet = ["pyglet (>=1.2)"]
pyqt5 = ["pyqt5"]
pyqt6 = ["pyqt6"]
pyside = ["PySide"]
pyside2 = ["PySide2"]
pyside6 = ["PySide6"]
sdl2 = ["PySDL2"]
tk = ["pyopengltk"]
wx = ["wxPython"]

[metadata]
lock-version = "2.0"
python-versions = "^3.9"
content-hash = "f95364cdac5dabe94442df4ac029cd5dcd1bb9ee754d451aa4cea33541087031"
