# generated by rye
# use `rye lock` or `rye sync` to update this lockfile
#
# last locked with the following flags:
#   pre: false
#   features: []
#   all-features: true
#   with-sources: false
#   generate-hashes: false
#   universal: true

-e file:.
ezmsg==3.3.4
    # via ezmsg-vispy
freetype-py==2.4.0
    # via vispy
hsluv==5.0.4
    # via vispy
kiwisolver==1.4.5
    # via vispy
numpy==1.26.4
    # via ezmsg-vispy
    # via vispy
packaging==24.0
    # via qtpy
    # via vispy
pyopengl==3.1.7
    # via ezmsg-vispy
qdarkstyle==3.2.3
    # via ezmsg-vispy
qtpy==2.4.1
    # via ezmsg-vispy
    # via qdarkstyle
typing-extensions==4.10.0
    # via ezmsg
vispy==0.14.2
    # via ezmsg-vispy
